// !$*UTF8*$!
{
	archiveVersion = 1;
	classes = {
	};
	objectVersion = 46;
	objects = {

/* Begin PBXBuildFile section */
		740E414F1D11F3BF00098938 /* AppDelegate.swift in Sources */ = {isa = PBXBuildFile; fileRef = 740E414E1D11F3BF00098938 /* AppDelegate.swift */; };
		740E41511D11F3BF00098938 /* ViewController.swift in Sources */ = {isa = PBXBuildFile; fileRef = 740E41501D11F3BF00098938 /* ViewController.swift */; };
		740E41541D11F3BF00098938 /* Main.storyboard in Resources */ = {isa = PBXBuildFile; fileRef = 740E41521D11F3BF00098938 /* Main.storyboard */; };
		740E41561D11F3BF00098938 /* Assets.xcassets in Resources */ = {isa = PBXBuildFile; fileRef = 740E41551D11F3BF00098938 /* Assets.xcassets */; };
		740E41591D11F3BF00098938 /* LaunchScreen.storyboard in Resources */ = {isa = PBXBuildFile; fileRef = 740E41571D11F3BF00098938 /* LaunchScreen.storyboard */; };
/* End PBXBuildFile section */

/* Begin PBXFileReference section */
		740E414B1D11F3BF00098938 /* Flix2.app */ = {isa = PBXFileReference; explicitFileType = wrapper.application; includeInIndex = 0; path = Flix2.app; sourceTree = BUILT_PRODUCTS_DIR; };
		740E414E1D11F3BF00098938 /* AppDelegate.swift */ = {isa = PBXFileReference; lastKnownFileType = sourcecode.swift; path = AppDelegate.swift; sourceTree = "<group>"; };
		740E41501D11F3BF00098938 /* ViewController.swift */ = {isa = PBXFileReference; lastKnownFileType = sourcecode.swift; path = ViewController.swift; sourceTree = "<group>"; };
		740E41531D11F3BF00098938 /* Base */ = {isa = PBXFileReference; lastKnownFileType = file.storyboard; name = Base; path = Base.lproj/Main.storyboard; sourceTree = "<group>"; };
		740E41551D11F3BF00098938 /* Assets.xcassets */ = {isa = PBXFileReference; lastKnownFileType = folder.assetcatalog; path = Assets.xcassets; sourceTree = "<group>"; };
		740E41581D11F3BF00098938 /* Base */ = {isa = PBXFileReference; lastKnownFileType = file.storyboard; name = Base; path = Base.lproj/LaunchScreen.storyboard; sourceTree = "<group>"; };
		740E415A1D11F3BF00098938 /* Info.plist */ = {isa = PBXFileReference; lastKnownFileType = text.plist.xml; path = Info.plist; sourceTree = "<group>"; };
/* End PBXFileReference section */

/* Begin PBXFrameworksBuildPhase section */
		740E41481D11F3BF00098938 /* Frameworks */ = {
			isa = PBXFrameworksBuildPhase;
			buildActionMask = 2147483647;
			files = (
			);
			runOnlyForDeploymentPostprocessing = 0;
		};
/* End PBXFrameworksBuildPhase section */

/* Begin PBXGroup section */
		740E41421D11F3BF00098938 = {
			isa = PBXGroup;
			children = (
				740E414D1D11F3BF00098938 /* Flix2 */,
				740E414C1D11F3BF00098938 /* Products */,
			);
			sourceTree = "<group>";
		};
		740E414C1D11F3BF00098938 /* Products */ = {
			isa = PBXGroup;
			children = (
				740E414B1D11F3BF00098938 /* Flix2.app */,
			);
			name = Products;
			sourceTree = "<group>";
		};
		740E414D1D11F3BF00098938 /* Flix2 */ = {
			isa = PBXGroup;
			children = (
				740E414E1D11F3BF00098938 /* AppDelegate.swift */,
				740E41501D11F3BF00098938 /* ViewController.swift */,
				740E41521D11F3BF00098938 /* Main.storyboard */,
				740E41551D11F3BF00098938 /* Assets.xcassets */,
				740E41571D11F3BF00098938 /* LaunchScreen.storyboard */,
				740E415A1D11F3BF00098938 /* Info.plist */,
			);
			path = Flix2;
			sourceTree = "<group>";
		};
/* End PBXGroup section */

/* Begin PBXNativeTarget section */
		740E414A1D11F3BF00098938 /* Flix2 */ = {
			isa = PBXNativeTarget;
			buildConfigurationList = 740E415D1D11F3BF00098938 /* Build configuration list for PBXNativeTarget "Flix2" */;
			buildPhases = (
				740E41471D11F3BF00098938 /* Sources */,
				740E41481D11F3BF00098938 /* Frameworks */,
				740E41491D11F3BF00098938 /* Resources */,
			);
			buildRules = (
			);
			dependencies = (
			);
			name = Flix2;
			productName = Flix2;
			productReference = 740E414B1D11F3BF00098938 /* Flix2.app */;
			productType = "com.apple.product-type.application";
		};
/* End PBXNativeTarget section */

/* Begin PBXProject section */
		740E41431D11F3BF00098938 /* Project object */ = {
			isa = PBXProject;
			attributes = {
				LastSwiftUpdateCheck = 0730;
				LastUpgradeCheck = 0730;
				ORGANIZATIONNAME = "Olivia Gregory";
				TargetAttributes = {
					740E414A1D11F3BF00098938 = {
						CreatedOnToolsVersion = 7.3.1;
					};
				};
			};
			buildConfigurationList = 740E41461D11F3BF00098938 /* Build configuration list for PBXProject "Flix2" */;
			compatibilityVersion = "Xcode 3.2";
			developmentRegion = English;
			hasScannedForEncodings = 0;
			knownRegions = (
				en,
				Base,
			);
			mainGroup = 740E41421D11F3BF00098938;
			productRefGroup = 740E414C1D11F3BF00098938 /* Products */;
			projectDirPath = "";
			projectRoot = "";
			targets = (
				740E414A1D11F3BF00098938 /* Flix2 */,
			);
		};
/* End PBXProject section */

/* Begin PBXResourcesBuildPhase section */
		740E41491D11F3BF00098938 /* Resources */ = {
			isa = PBXResourcesBuildPhase;
			buildActionMask = 2147483647;
			files = (
				740E41591D11F3BF00098938 /* LaunchScreen.storyboard in Resources */,
				740E41561D11F3BF00098938 /* Assets.xcassets in Resources */,
				740E41541D11F3BF00098938 /* Main.storyboard in Resources */,
			);
			runOnlyForDeploymentPostprocessing = 0;
		};
/* End PBXResourcesBuildPhase section */

/* Begin PBXSourcesBuildPhase section */
		740E41471D11F3BF00098938 /* Sources */ = {
			isa = PBXSourcesBuildPhase;
			buildActionMask = 2147483647;
			files = (
				740E41511D11F3BF00098938 /* ViewController.swift in Sources */,
				740E414F1D11F3BF00098938 /* AppDelegate.swift in Sources */,
			);
			runOnlyForDeploymentPostprocessing = 0;
		};
/* End PBXSourcesBuildPhase section */

/* Begin PBXVariantGroup section */
		740E41521D11F3BF00098938 /* Main.storyboard */ = {
			isa = PBXVariantGroup;
			children = (
				740E41531D11F3BF00098938 /* Base */,
			);
			name = Main.storyboard;
			sourceTree = "<group>";
		};
		740E41571D11F3BF00098938 /* LaunchScreen.storyboard */ = {
			isa = PBXVariantGroup;
			children = (
				740E41581D11F3BF00098938 /* Base */,
			);
			name = LaunchScreen.storyboard;
			sourceTree = "<group>";
		};
/* End PBXVariantGroup section */

/* Begin XCBuildConfiguration section */
		740E415B1D11F3BF00098938 /* Debug */ = {
			isa = XCBuildConfiguration;
			buildSettings = {
				ALWAYS_SEARCH_USER_PATHS = NO;
				CLANG_ANALYZER_NONNULL = YES;
				CLANG_CXX_LANGUAGE_STANDARD = "gnu++0x";
				CLANG_CXX_LIBRARY = "libc++";
				CLANG_ENABLE_MODULES = YES;
				CLANG_ENABLE_OBJC_ARC = YES;
				CLANG_WARN_BOOL_CONVERSION = YES;
				CLANG_WARN_CONSTANT_CONVERSION = YES;
				CLANG_WARN_DIRECT_OBJC_ISA_USAGE = YES_ERROR;
				CLANG_WARN_EMPTY_BODY = YES;
				CLANG_WARN_ENUM_CONVERSION = YES;
				CLANG_WARN_INT_CONVERSION = YES;
				CLANG_WARN_OBJC_ROOT_CLASS = YES_ERROR;
				CLANG_WARN_UNREACHABLE_CODE = YES;
				CLANG_WARN__DUPLICATE_METHOD_MATCH = YES;
				"CODE_SIGN_IDENTITY[sdk=iphoneos*]" = "iPhone Developer";
				COPY_PHASE_STRIP = NO;
				DEBUG_INFORMATION_FORMAT = dwarf;
				ENABLE_STRICT_OBJC_MSGSEND = YES;
				ENABLE_TESTABILITY = YES;
				GCC_C_LANGUAGE_STANDARD = gnu99;
				GCC_DYNAMIC_NO_PIC = NO;
				GCC_NO_COMMON_BLOCKS = YES;
				GCC_OPTIMIZATION_LEVEL = 0;
				GCC_PREPROCESSOR_DEFINITIONS = (
					"DEBUG=1",
					"$(inherited)",
				);
				GCC_WARN_64_TO_32_BIT_CONVERSION = YES;
				GCC_WARN_ABOUT_RETURN_TYPE = YES_ERROR;
				GCC_WARN_UNDECLARED_SELECTOR = YES;
				GCC_WARN_UNINITIALIZED_AUTOS = YES_AGGRESSIVE;
				GCC_WARN_UNUSED_FUNCTION = YES;
				GCC_WARN_UNUSED_VARIABLE = YES;
				IPHONEOS_DEPLOYMENT_TARGET = 9.3;
				MTL_ENABLE_DEBUG_INFO = YES;
				ONLY_ACTIVE_ARCH = YES;
				SDKROOT = iphoneos;
				SWIFT_OPTIMIZATION_LEVEL = "-Onone";
			};
			name = Debug;
		};
		740E415C1D11F3BF00098938 /* Release */ = {
			isa = XCBuildConfiguration;
			buildSettings = {
				ALWAYS_SEARCH_USER_PATHS = NO;
				CLANG_ANALYZER_NONNULL = YES;
				CLANG_CXX_LANGUAGE_STANDARD = "gnu++0x";
				CLANG_CXX_LIBRARY = "libc++";
				CLANG_ENABLE_MODULES = YES;
				CLANG_ENABLE_OBJC_ARC = YES;
				CLANG_WARN_BOOL_CONVERSION = YES;
				CLANG_WARN_CONSTANT_CONVERSION = YES;
				CLANG_WARN_DIRECT_OBJC_ISA_USAGE = YES_ERROR;
				CLANG_WARN_EMPTY_BODY = YES;
				CLANG_WARN_ENUM_CONVERSION = YES;
				CLANG_WARN_INT_CONVERSION = YES;
				CLANG_WARN_OBJC_ROOT_CLASS = YES_ERROR;
				CLANG_WARN_UNREACHABLE_CODE = YES;
				CLANG_WARN__DUPLICATE_METHOD_MATCH = YES;
				"CODE_SIGN_IDENTITY[sdk=iphoneos*]" = "iPhone Developer";
				COPY_PHASE_STRIP = NO;
				DEBUG_INFORMATION_FORMAT = "dwarf-with-dsym";
				ENABLE_NS_ASSERTIONS = NO;
				ENABLE_STRICT_OBJC_MSGSEND = YES;
				GCC_C_LANGUAGE_STANDARD = gnu99;
				GCC_NO_COMMON_BLOCKS = YES;
				GCC_WARN_64_TO_32_BIT_CONVERSION = YES;
				GCC_WARN_ABOUT_RETURN_TYPE = YES_ERROR;
				GCC_WARN_UNDECLARED_SELECTOR = YES;
				GCC_WARN_UNINITIALIZED_AUTOS = YES_AGGRESSIVE;
				GCC_WARN_UNUSED_FUNCTION = YES;
				GCC_WARN_UNUSED_VARIABLE = YES;
				IPHONEOS_DEPLOYMENT_TARGET = 9.3;
				MTL_ENABLE_DEBUG_INFO = NO;
				SDKROOT = iphoneos;
				VALIDATE_PRODUCT = YES;
			};
			name = Release;
		};
		740E415E1D11F3BF00098938 /* Debug */ = {
			isa = XCBuildConfiguration;
			buildSettings = {
				ASSETCATALOG_COMPILER_APPICON_NAME = AppIcon;
				INFOPLIST_FILE = Flix2/Info.plist;
				LD_RUNPATH_SEARCH_PATHS = "$(inherited) @executable_path/Frameworks";
				PRODUCT_BUNDLE_IDENTIFIER = com.fbu.Flix2;
				PRODUCT_NAME = "$(TARGET_NAME)";
			};
			name = Debug;
		};
		740E415F1D11F3BF00098938 /* Release */ = {
			isa = XCBuildConfiguration;
			buildSettings = {
				ASSETCATALOG_COMPILER_APPICON_NAME = AppIcon;
				INFOPLIST_FILE = Flix2/Info.plist;
				LD_RUNPATH_SEARCH_PATHS = "$(inherited) @executable_path/Frameworks";
				PRODUCT_BUNDLE_IDENTIFIER = com.fbu.Flix2;
				PRODUCT_NAME = "$(TARGET_NAME)";
			};
			name = Release;
		};
/* End XCBuildConfiguration section */

/* Begin XCConfigurationList section */
		740E41461D11F3BF00098938 /* Build configuration list for PBXProject "Flix2" */ = {
			isa = XCConfigurationList;
			buildConfigurations = (
				740E415B1D11F3BF00098938 /* Debug */,
				740E415C1D11F3BF00098938 /* Release */,
			);
			defaultConfigurationIsVisible = 0;
			defaultConfigurationName = Release;
		};
		740E415D1D11F3BF00098938 /* Build configuration list for PBXNativeTarget "Flix2" */ = {
			isa = XCConfigurationList;
			buildConfigurations = (
				740E415E1D11F3BF00098938 /* Debug */,
				740E415F1D11F3BF00098938 /* Release */,
			);
			defaultConfigurationIsVisible = 0;
		};
/* End XCConfigurationList section */
	};
	rootObject = 740E41431D11F3BF00098938 /* Project object */;
}
